<?xml version="1.0" encoding="utf-8"?>
<Project ToolsVersion="4.0" xmlns="http://schemas.microsoft.com/developer/msbuild/2003">
  <ItemGroup>
    <Filter Include="Source Files">
      <UniqueIdentifier>{4FC737F1-C7A5-4376-A066-2A32D752A2FF}</UniqueIdentifier>
      <Extensions>cpp;c;cc;cxx;c++;cppm;ixx;def;odl;idl;hpj;bat;asm;asmx</Extensions>
    </Filter>
    <Filter Include="Header Files">
      <UniqueIdentifier>{93995380-89BD-4b04-88EB-625FBE52EBFB}</UniqueIdentifier>
      <Extensions>h;hh;hpp;hxx;h++;hm;inl;inc;ipp;xsd</Extensions>
    </Filter>
    <Filter Include="Resource Files">
      <UniqueIdentifier>{67DA6AB6-F800-4c08-8B7A-83BB121AAD01}</UniqueIdentifier>
      <Extensions>rc;ico;cur;bmp;dlg;rc2;rct;bin;rgs;gif;jpg;jpeg;jpe;resx;tiff;tif;png;wav;mfcribbon-ms</Extensions>
    </Filter>
    <Filter Include="Header Files\cilia">
      <UniqueIdentifier>{a8fbadb0-5a22-44cc-91aa-c588e5638ba3}</UniqueIdentifier>
    </Filter>
  </ItemGroup>
  <ItemGroup>
    <ClCompile Include="MainTest.cpp">
      <Filter>Source Files</Filter>
    </ClCompile>
  </ItemGroup>
  <ItemGroup>
    <ClInclude Include="cilia\BasicTypes.hpp">
      <Filter>Header Files\cilia</Filter>
    </ClInclude>
    <ClInclude Include="cilia\String.hpp">
      <Filter>Header Files\cilia</Filter>
    </ClInclude>
    <ClInclude Include="cilia\Array.hpp">
      <Filter>Header Files\cilia</Filter>
    </ClInclude>
    <ClInclude Include="cilia\Macros.h">
      <Filter>Header Files\cilia</Filter>
    </ClInclude>
    <ClInclude Include="cilia\StringView.hpp">
      <Filter>Header Files\cilia</Filter>
    </ClInclude>
    <ClInclude Include="cilia\Map.hpp">
      <Filter>Header Files\cilia</Filter>
    </ClInclude>
    <ClInclude Include="cilia\Pair.hpp">
      <Filter>Header Files\cilia</Filter>
    </ClInclude>
    <ClInclude Include="cilia\Exception.hpp">
      <Filter>Header Files\cilia</Filter>
    </ClInclude>
    <ClInclude Include="cilia\FixedSizeArray.hpp">
      <Filter>Header Files\cilia</Filter>
    </ClInclude>
    <ClInclude Include="cilia\Signal.hpp">
      <Filter>Header Files\cilia</Filter>
    </ClInclude>
  </ItemGroup>
</Project>